
Microsoft Visual Studio Solution File, Format Version 12.00
# Visual Studio Version 17
VisualStudioVersion = 17.10.35122.118
MinimumVisualStudioVersion = 10.0.40219.1
Project("{FAE04EC0-301F-11D3-BF4B-00C04F79EFBC}") = "PresentationLayer", "PresentationLayer\PresentationLayer.csproj", "{08C0B6A3-0EB6-4D20-AD1C-9770EA6991E3}"
EndProject
Project("{FAE04EC0-301F-11D3-BF4B-00C04F79EFBC}") = "DataLayer", "DataLayer\DataLayer.csproj", "{C0B63B1C-FB92-4AE9-A5C7-115F45F9F2F7}"
EndProject
Project("{FAE04EC0-301F-11D3-BF4B-00C04F79EFBC}") = "BusinessLayer", "BusinessLayer\BusinessLayer.csproj", "{C59CD247-99E3-4692-B167-3782728AEBD6}"
EndProject
Project("{FAE04EC0-301F-11D3-BF4B-00C04F79EFBC}") = "TransferObject", "TransferObject\TransferObject.csproj", "{576C2104-FD1A-4A8D-973F-08342C2FB70F}"
EndProject
Project("{2150E333-8FDC-42A3-9474-1A3956D46DE8}") = "Solution Items", "Solution Items", "{A6376778-A2A0-45D0-B7F6-3A640EE3A980}"
	ProjectSection(SolutionItems) = preProject
		Script.sql = Script.sql
	EndProjectSection
EndProject
Global
	GlobalSection(SolutionConfigurationPlatforms) = preSolution
		Debug|Any CPU = Debug|Any CPU
		Release|Any CPU = Release|Any CPU
	EndGlobalSection
	GlobalSection(ProjectConfigurationPlatforms) = postSolution
		{08C0B6A3-0EB6-4D20-AD1C-9770EA6991E3}.Debug|Any CPU.ActiveCfg = Debug|Any CPU
		{08C0B6A3-0EB6-4D20-AD1C-9770EA6991E3}.Debug|Any CPU.Build.0 = Debug|Any CPU
		{08C0B6A3-0EB6-4D20-AD1C-9770EA6991E3}.Release|Any CPU.ActiveCfg = Release|Any CPU
		{08C0B6A3-0EB6-4D20-AD1C-9770EA6991E3}.Release|Any CPU.Build.0 = Release|Any CPU
		{C0B63B1C-FB92-4AE9-A5C7-115F45F9F2F7}.Debug|Any CPU.ActiveCfg = Debug|Any CPU
		{C0B63B1C-FB92-4AE9-A5C7-115F45F9F2F7}.Debug|Any CPU.Build.0 = Debug|Any CPU
		{C0B63B1C-FB92-4AE9-A5C7-115F45F9F2F7}.Release|Any CPU.ActiveCfg = Release|Any CPU
		{C0B63B1C-FB92-4AE9-A5C7-115F45F9F2F7}.Release|Any CPU.Build.0 = Release|Any CPU
		{C59CD247-99E3-4692-B167-3782728AEBD6}.Debug|Any CPU.ActiveCfg = Debug|Any CPU
		{C59CD247-99E3-4692-B167-3782728AEBD6}.Debug|Any CPU.Build.0 = Debug|Any CPU
		{C59CD247-99E3-4692-B167-3782728AEBD6}.Release|Any CPU.ActiveCfg = Release|Any CPU
		{C59CD247-99E3-4692-B167-3782728AEBD6}.Release|Any CPU.Build.0 = Release|Any CPU
		{576C2104-FD1A-4A8D-973F-08342C2FB70F}.Debug|Any CPU.ActiveCfg = Debug|Any CPU
		{576C2104-FD1A-4A8D-973F-08342C2FB70F}.Debug|Any CPU.Build.0 = Debug|Any CPU
		{576C2104-FD1A-4A8D-973F-08342C2FB70F}.Release|Any CPU.ActiveCfg = Release|Any CPU
		{576C2104-FD1A-4A8D-973F-08342C2FB70F}.Release|Any CPU.Build.0 = Release|Any CPU
	EndGlobalSection
	GlobalSection(SolutionProperties) = preSolution
		HideSolutionNode = FALSE
	EndGlobalSection
	GlobalSection(ExtensibilityGlobals) = postSolution
		SolutionGuid = {253DF6C0-7E55-401C-B182-E54A43318CC4}
	EndGlobalSection
EndGlobal
